{
    "name": "Remember_Project",
    "lockfileVersion": 2,
    "requires": true,
    "packages": {
        "": {
            "dependencies": {
                "froala-editor": "^4.0.12"
            }
        },
        "node_modules/froala-editor": {
            "version": "4.0.12",
            "resolved": "https://registry.npmjs.org/froala-editor/-/froala-editor-4.0.12.tgz",
            "integrity": "sha512-y4uh6DOKYddXZNx2lGhzng8KFHqb2/yD/u9SlT9zXQDwoo4N2AtINs8F4CwDmKFDiwMMaWEpEmWWgsFYQ8fo8Q=="
        }
    },
    "dependencies": {
        "froala-editor": {
            "version": "4.0.12",
            "resolved": "https://registry.npmjs.org/froala-editor/-/froala-editor-4.0.12.tgz",
            "integrity": "sha512-y4uh6DOKYddXZNx2lGhzng8KFHqb2/yD/u9SlT9zXQDwoo4N2AtINs8F4CwDmKFDiwMMaWEpEmWWgsFYQ8fo8Q=="
        }
    }
}